{
  "name": "rpc",
  "version": "1.0.0",
  "lockfileVersion": 1,
  "requires": true,
  "dependencies": {
    "@types/amqplib": {
      "version": "0.8.2",
      "resolved": "https://eu.artifactory.swg-devops.com/artifactory/api/npm/sec-ops-trusteer-npm-virtual/@types/amqplib/-/amqplib-0.8.2.tgz?dl=https%3A%2F%2Fregistry.npmjs.org%2F%40types%2Famqplib%2F-%2Famqplib-0.8.2.tgz",
      "integrity": "sha1-nEbyx/rDgeT4G8thLADVRUlpfSI=",
      "dev": true,
      "requires": {
        "@types/bluebird": "*",
        "@types/node": "*"
      }
    },
    "@types/bluebird": {
      "version": "3.5.36",
      "resolved": "https://eu.artifactory.swg-devops.com/artifactory/api/npm/sec-ops-trusteer-npm-virtual/@types/bluebird/-/bluebird-3.5.36.tgz?dl=https%3A%2F%2Fregistry.npmjs.org%2F%40types%2Fbluebird%2F-%2Fbluebird-3.5.36.tgz",
      "integrity": "sha1-ANkwHU3DXC9kZaiuxjS7UzZ0xlI=",
      "dev": true
    },
    "@types/node": {
      "version": "17.0.31",
      "resolved": "https://eu.artifactory.swg-devops.com/artifactory/api/npm/sec-ops-trusteer-npm-virtual/@types/node/-/node-17.0.31.tgz?dl=https%3A%2F%2Fregistry.npmjs.org%2F%40types%2Fnode%2F-%2Fnode-17.0.31.tgz",
      "integrity": "sha512-AR0x5HbXGqkEx9CadRH3EBYx/VkiUgZIhP4wvPn/+5KIsgpNoyFaRlVe0Zlx9gRtg8fA06a9tskE2MSN7TcG4Q==",
      "dev": true
    },
    "amqplib": {
      "version": "0.8.0",
      "resolved": "https://eu.artifactory.swg-devops.com/artifactory/api/npm/sec-ops-trusteer-npm-virtual/amqplib/-/amqplib-0.8.0.tgz?dl=https%3A%2F%2Fregistry.npmjs.org%2Famqplib%2F-%2Famqplib-0.8.0.tgz",
      "integrity": "sha1-CI0QvGHMWsWkmscgM8esZsI662E=",
      "dev": true,
      "requires": {
        "bitsyntax": "~0.1.0",
        "bluebird": "^3.7.2",
        "buffer-more-ints": "~1.0.0",
        "readable-stream": "1.x >=1.1.9",
        "safe-buffer": "~5.2.1",
        "url-parse": "~1.5.1"
      }
    },
    "bitsyntax": {
      "version": "0.1.0",
      "resolved": "https://eu.artifactory.swg-devops.com/artifactory/api/npm/sec-ops-trusteer-npm-virtual/bitsyntax/-/bitsyntax-0.1.0.tgz?dl=https%3A%2F%2Fregistry.npmjs.org%2Fbitsyntax%2F-%2Fbitsyntax-0.1.0.tgz",
      "integrity": "sha1-sMWazvA1Bd5aLtYqL3Y8Vq4dYgU=",
      "dev": true,
      "requires": {
        "buffer-more-ints": "~1.0.0",
        "debug": "~2.6.9",
        "safe-buffer": "~5.1.2"
      },
      "dependencies": {
        "safe-buffer": {
          "version": "5.1.2",
          "resolved": "https://eu.artifactory.swg-devops.com/artifactory/api/npm/sec-ops-trusteer-npm-virtual/safe-buffer/-/safe-buffer-5.1.2.tgz?dl=https%3A%2F%2Fregistry.npmjs.org%2Fsafe-buffer%2F-%2Fsafe-buffer-5.1.2.tgz",
          "integrity": "sha1-mR7GnSluAxN0fVm9/St0XDX4go0=",
          "dev": true
        }
      }
    },
    "bluebird": {
      "version": "3.7.2",
      "resolved": "https://eu.artifactory.swg-devops.com/artifactory/api/npm/sec-ops-trusteer-npm-virtual/bluebird/-/bluebird-3.7.2.tgz?dl=https%3A%2F%2Fregistry.npmjs.org%2Fbluebird%2F-%2Fbluebird-3.7.2.tgz",
      "integrity": "sha1-nyKcFb4nJFT/qXOs4NvueaGww28=",
      "dev": true
    },
    "buffer-more-ints": {
      "version": "1.0.0",
      "resolved": "https://eu.artifactory.swg-devops.com/artifactory/api/npm/sec-ops-trusteer-npm-virtual/buffer-more-ints/-/buffer-more-ints-1.0.0.tgz?dl=https%3A%2F%2Fregistry.npmjs.org%2Fbuffer-more-ints%2F-%2Fbuffer-more-ints-1.0.0.tgz",
      "integrity": "sha1-70+OLd261CntOCipxV1E8FxhFCI=",
      "dev": true
    },
    "core-util-is": {
      "version": "1.0.3",
      "resolved": "https://eu.artifactory.swg-devops.com/artifactory/api/npm/sec-ops-trusteer-npm-virtual/core-util-is/-/core-util-is-1.0.3.tgz?dl=https%3A%2F%2Fregistry.npmjs.org%2Fcore-util-is%2F-%2Fcore-util-is-1.0.3.tgz",
      "integrity": "sha1-pgQtNjTCsn6TKPg3uWX6yDgI24U=",
      "dev": true
    },
    "debug": {
      "version": "2.6.9",
      "resolved": "https://eu.artifactory.swg-devops.com/artifactory/api/npm/sec-ops-trusteer-npm-virtual/debug/-/debug-2.6.9.tgz?dl=https%3A%2F%2Fregistry.npmjs.org%2Fdebug%2F-%2Fdebug-2.6.9.tgz",
      "integrity": "sha1-XRKFFd8TT/Mn6QpMk/Tgd6U2NB8=",
      "dev": true,
      "requires": {
        "ms": "2.0.0"
      }
    },
    "inherits": {
      "version": "2.0.4",
      "resolved": "https://eu.artifactory.swg-devops.com/artifactory/api/npm/sec-ops-trusteer-npm-virtual/inherits/-/inherits-2.0.4.tgz?dl=https%3A%2F%2Fregistry.npmjs.org%2Finherits%2F-%2Finherits-2.0.4.tgz",
      "integrity": "sha1-D6LGT5MpF8NDOg3tVTY6rjdBa3w=",
      "dev": true
    },
    "isarray": {
      "version": "0.0.1",
      "resolved": "https://eu.artifactory.swg-devops.com/artifactory/api/npm/sec-ops-trusteer-npm-virtual/isarray/-/isarray-0.0.1.tgz?dl=https%3A%2F%2Fregistry.npmjs.org%2Fisarray%2F-%2Fisarray-0.0.1.tgz",
      "integrity": "sha1-ihis/Kmo9Bd+Cav8YDiTmwXR7t8=",
      "dev": true
    },
    "ms": {
      "version": "2.0.0",
      "resolved": "https://eu.artifactory.swg-devops.com/artifactory/api/npm/sec-ops-trusteer-npm-virtual/ms/-/ms-2.0.0.tgz?dl=https%3A%2F%2Fregistry.npmjs.org%2Fms%2F-%2Fms-2.0.0.tgz",
      "integrity": "sha1-VgiurfwAvmwpAd9fmGF4jeDVl8g=",
      "dev": true
    },
    "querystringify": {
      "version": "2.2.0",
      "resolved": "https://eu.artifactory.swg-devops.com/artifactory/api/npm/sec-ops-trusteer-npm-virtual/querystringify/-/querystringify-2.2.0.tgz?dl=https%3A%2F%2Fregistry.npmjs.org%2Fquerystringify%2F-%2Fquerystringify-2.2.0.tgz",
      "integrity": "sha1-M0WUG0FTy50ILY7uTNogFqmu9/Y=",
      "dev": true
    },
    "readable-stream": {
      "version": "1.1.14",
      "resolved": "https://eu.artifactory.swg-devops.com/artifactory/api/npm/sec-ops-trusteer-npm-virtual/readable-stream/-/readable-stream-1.1.14.tgz?dl=https%3A%2F%2Fregistry.npmjs.org%2Freadable-stream%2F-%2Freadable-stream-1.1.14.tgz",
      "integrity": "sha1-fPTFTvZI44EwhMY23SB54WbAgdk=",
      "dev": true,
      "requires": {
        "core-util-is": "~1.0.0",
        "inherits": "~2.0.1",
        "isarray": "0.0.1",
        "string_decoder": "~0.10.x"
      }
    },
    "requires-port": {
      "version": "1.0.0",
      "resolved": "https://eu.artifactory.swg-devops.com/artifactory/api/npm/sec-ops-trusteer-npm-virtual/requires-port/-/requires-port-1.0.0.tgz?dl=https%3A%2F%2Fregistry.npmjs.org%2Frequires-port%2F-%2Frequires-port-1.0.0.tgz",
      "integrity": "sha1-kl0mAdOaxIXgkc8NpcbmlNw9yv8=",
      "dev": true
    },
    "safe-buffer": {
      "version": "5.2.1",
      "resolved": "https://eu.artifactory.swg-devops.com/artifactory/api/npm/sec-ops-trusteer-npm-virtual/safe-buffer/-/safe-buffer-5.2.1.tgz?dl=https%3A%2F%2Fregistry.npmjs.org%2Fsafe-buffer%2F-%2Fsafe-buffer-5.2.1.tgz",
      "integrity": "sha1-Hq+fqb2x/dTsdfWPnNtOa3gn7sY=",
      "dev": true
    },
    "safe-json-stringify": {
      "version": "1.2.0",
      "resolved": "https://eu.artifactory.swg-devops.com/artifactory/api/npm/sec-ops-trusteer-npm-virtual/safe-json-stringify/-/safe-json-stringify-1.2.0.tgz?dl=https%3A%2F%2Fregistry.npmjs.org%2Fsafe-json-stringify%2F-%2Fsafe-json-stringify-1.2.0.tgz",
      "integrity": "sha512-gH8eh2nZudPQO6TytOvbxnuhYBOvDBBLW52tz5q6X58lJcd/tkmqFR+5Z9adS8aJtURSXWThWy/xJtJwixErvg=="
    },
    "string_decoder": {
      "version": "0.10.31",
      "resolved": "https://eu.artifactory.swg-devops.com/artifactory/api/npm/sec-ops-trusteer-npm-virtual/string_decoder/-/string_decoder-0.10.31.tgz?dl=https%3A%2F%2Fregistry.npmjs.org%2Fstring_decoder%2F-%2Fstring_decoder-0.10.31.tgz",
      "integrity": "sha1-YuIDvEF2bGwoyfyEMB2rHFMQ+pQ=",
      "dev": true
    },
    "url-parse": {
      "version": "1.5.4",
      "resolved": "https://eu.artifactory.swg-devops.com/artifactory/api/npm/sec-ops-trusteer-npm-virtual/url-parse/-/url-parse-1.5.4.tgz?dl=https%3A%2F%2Fregistry.npmjs.org%2Furl-parse%2F-%2Furl-parse-1.5.4.tgz",
      "integrity": "sha1-5PZFp+KghSzIpmsUspKj6aEal/0=",
      "dev": true,
      "requires": {
        "querystringify": "^2.1.1",
        "requires-port": "^1.0.0"
      }
    }
  }
}
